
Microsoft Visual Studio Solution File, Format Version 12.00
# Visual Studio Version 17
VisualStudioVersion = 17.10.34928.147
MinimumVisualStudioVersion = 10.0.40219.1
Project("{FAE04EC0-301F-11D3-BF4B-00C04F79EFBC}") = "Muresan_Razvan_Lab2", "Muresan_Razvan_Lab2.csproj", "{6A0DDD24-CA4E-4668-84FD-97E44A7A60D6}"
EndProject
Global
	GlobalSection(SolutionConfigurationPlatforms) = preSolution
		Debug|Any CPU = Debug|Any CPU
		Release|Any CPU = Release|Any CPU
	EndGlobalSection
	GlobalSection(ProjectConfigurationPlatforms) = postSolution
		{6A0DDD24-CA4E-4668-84FD-97E44A7A60D6}.Debug|Any CPU.ActiveCfg = Debug|Any CPU
		{6A0DDD24-CA4E-4668-84FD-97E44A7A60D6}.Debug|Any CPU.Build.0 = Debug|Any CPU
		{6A0DDD24-CA4E-4668-84FD-97E44A7A60D6}.Release|Any CPU.ActiveCfg = Release|Any CPU
		{6A0DDD24-CA4E-4668-84FD-97E44A7A60D6}.Release|Any CPU.Build.0 = Release|Any CPU
	EndGlobalSection
	GlobalSection(SolutionProperties) = preSolution
		HideSolutionNode = FALSE
	EndGlobalSection
	GlobalSection(ExtensibilityGlobals) = postSolution
		SolutionGuid = {CDE40A43-FDC1-4355-BCE6-33203618CC46}
	EndGlobalSection
EndGlobal
